// !$*UTF8*$!
{
	archiveVersion = 1;
	classes = {
	};
	objectVersion = 56;
	objects = {

/* Begin PBXBuildFile section */
		DA0000000000000000000201 /* AppDelegate.swift in Sources */ = {isa = PBXBuildFile; fileRef = DA0000000000000000000102 /* AppDelegate.swift */; };
		DA0000000000000000000202 /* SceneDelegate.swift in Sources */ = {isa = PBXBuildFile; fileRef = DA0000000000000000000103 /* SceneDelegate.swift */; };
		DA0000000000000000000203 /* Dog.swift in Sources */ = {isa = PBXBuildFile; fileRef = DA0000000000000000000104 /* Dog.swift */; };
		DA0000000000000000000204 /* Medication.swift in Sources */ = {isa = PBXBuildFile; fileRef = DA0000000000000000000105 /* Medication.swift */; };
		DA0000000000000000000205 /* AuthManager.swift in Sources */ = {isa = PBXBuildFile; fileRef = DA0000000000000000000106 /* AuthManager.swift */; };
		DA0000000000000000000206 /* FirebaseManager.swift in Sources */ = {isa = PBXBuildFile; fileRef = DA0000000000000000000107 /* FirebaseManager.swift */; };
		DA0000000000000000000207 /* ThemeManager.swift in Sources */ = {isa = PBXBuildFile; fileRef = DA0000000000000000000108 /* ThemeManager.swift */; };
		DA0000000000000000000208 /* DateUtils.swift in Sources */ = {isa = PBXBuildFile; fileRef = DA0000000000000000000109 /* DateUtils.swift */; };
		DA0000000000000000000209 /* ImageUtils.swift in Sources */ = {isa = PBXBuildFile; fileRef = DA000000000000000000010A /* ImageUtils.swift */; };
		DA000000000000000000020A /* TodayViewController.swift in Sources */ = {isa = PBXBuildFile; fileRef = DA000000000000000000010B /* TodayViewController.swift */; };
		DA000000000000000000020B /* DogsListViewController.swift in Sources */ = {isa = PBXBuildFile; fileRef = DA000000000000000000010C /* DogsListViewController.swift */; };
		DA000000000000000000020C /* DogDetailViewController.swift in Sources */ = {isa = PBXBuildFile; fileRef = DA000000000000000000010D /* DogDetailViewController.swift */; };
		DA000000000000000000020D /* AddEditDogViewController.swift in Sources */ = {isa = PBXBuildFile; fileRef = DA000000000000000000010E /* AddEditDogViewController.swift */; };
		DA000000000000000000020E /* MedicationDetailViewController.swift in Sources */ = {isa = PBXBuildFile; fileRef = DA000000000000000000010F /* MedicationDetailViewController.swift */; };
		DA000000000000000000020F /* AddEditMedicationViewController.swift in Sources */ = {isa = PBXBuildFile; fileRef = DA0000000000000000000110 /* AddEditMedicationViewController.swift */; };
		DA0000000000000000000210 /* SettingsViewController.swift in Sources */ = {isa = PBXBuildFile; fileRef = DA0000000000000000000111 /* SettingsViewController.swift */; };
		DA0000000000000000000211 /* TodayMedicationCell.swift in Sources */ = {isa = PBXBuildFile; fileRef = DA0000000000000000000112 /* TodayMedicationCell.swift */; };
		DA0000000000000000000212 /* DogListCell.swift in Sources */ = {isa = PBXBuildFile; fileRef = DA0000000000000000000113 /* DogListCell.swift */; };
		DA0000000000000000000213 /* MedicationListCell.swift in Sources */ = {isa = PBXBuildFile; fileRef = DA0000000000000000000114 /* MedicationListCell.swift */; };
		DA0000000000000000000214 /* Main.storyboard in Resources */ = {isa = PBXBuildFile; fileRef = DA0000000000000000000115 /* Main.storyboard */; };
		DA0000000000000000000215 /* LaunchScreen.storyboard in Resources */ = {isa = PBXBuildFile; fileRef = DA0000000000000000000116 /* LaunchScreen.storyboard */; };
		DA0000000000000000000216 /* Assets.xcassets in Resources */ = {isa = PBXBuildFile; fileRef = DA0000000000000000000118 /* Assets.xcassets */; };
		DA0000000000000000000217 /* PhotosUI.framework in Frameworks */ = {isa = PBXBuildFile; fileRef = DA0000000000000000000119 /* PhotosUI.framework */; };
/* End PBXBuildFile section */

/* Begin PBXFileReference section */
		DA0000000000000000000101 /* DogMed.app */ = {isa = PBXFileReference; explicitFileType = wrapper.application; includeInIndex = 0; path = DogMed.app; sourceTree = BUILT_PRODUCTS_DIR; };
		DA0000000000000000000102 /* AppDelegate.swift */ = {isa = PBXFileReference; lastKnownFileType = sourcecode.swift; path = AppDelegate.swift; sourceTree = "<group>"; };
		DA0000000000000000000103 /* SceneDelegate.swift */ = {isa = PBXFileReference; lastKnownFileType = sourcecode.swift; path = SceneDelegate.swift; sourceTree = "<group>"; };
		DA0000000000000000000104 /* Dog.swift */ = {isa = PBXFileReference; lastKnownFileType = sourcecode.swift; path = Dog.swift; sourceTree = "<group>"; };
		DA0000000000000000000105 /* Medication.swift */ = {isa = PBXFileReference; lastKnownFileType = sourcecode.swift; path = Medication.swift; sourceTree = "<group>"; };
		DA0000000000000000000106 /* AuthManager.swift */ = {isa = PBXFileReference; lastKnownFileType = sourcecode.swift; path = AuthManager.swift; sourceTree = "<group>"; };
		DA0000000000000000000107 /* FirebaseManager.swift */ = {isa = PBXFileReference; lastKnownFileType = sourcecode.swift; path = FirebaseManager.swift; sourceTree = "<group>"; };
		DA0000000000000000000108 /* ThemeManager.swift */ = {isa = PBXFileReference; lastKnownFileType = sourcecode.swift; path = ThemeManager.swift; sourceTree = "<group>"; };
		DA0000000000000000000109 /* DateUtils.swift */ = {isa = PBXFileReference; lastKnownFileType = sourcecode.swift; path = DateUtils.swift; sourceTree = "<group>"; };
		DA000000000000000000010A /* ImageUtils.swift */ = {isa = PBXFileReference; lastKnownFileType = sourcecode.swift; path = ImageUtils.swift; sourceTree = "<group>"; };
		DA000000000000000000010B /* TodayViewController.swift */ = {isa = PBXFileReference; lastKnownFileType = sourcecode.swift; path = TodayViewController.swift; sourceTree = "<group>"; };
		DA000000000000000000010C /* DogsListViewController.swift */ = {isa = PBXFileReference; lastKnownFileType = sourcecode.swift; path = DogsListViewController.swift; sourceTree = "<group>"; };
		DA000000000000000000010D /* DogDetailViewController.swift */ = {isa = PBXFileReference; lastKnownFileType = sourcecode.swift; path = DogDetailViewController.swift; sourceTree = "<group>"; };
		DA000000000000000000010E /* AddEditDogViewController.swift */ = {isa = PBXFileReference; lastKnownFileType = sourcecode.swift; path = AddEditDogViewController.swift; sourceTree = "<group>"; };
		DA000000000000000000010F /* MedicationDetailViewController.swift */ = {isa = PBXFileReference; lastKnownFileType = sourcecode.swift; path = MedicationDetailViewController.swift; sourceTree = "<group>"; };
		DA0000000000000000000110 /* AddEditMedicationViewController.swift */ = {isa = PBXFileReference; lastKnownFileType = sourcecode.swift; path = AddEditMedicationViewController.swift; sourceTree = "<group>"; };
		DA0000000000000000000111 /* SettingsViewController.swift */ = {isa = PBXFileReference; lastKnownFileType = sourcecode.swift; path = SettingsViewController.swift; sourceTree = "<group>"; };
		DA0000000000000000000112 /* TodayMedicationCell.swift */ = {isa = PBXFileReference; lastKnownFileType = sourcecode.swift; path = TodayMedicationCell.swift; sourceTree = "<group>"; };
		DA0000000000000000000113 /* DogListCell.swift */ = {isa = PBXFileReference; lastKnownFileType = sourcecode.swift; path = DogListCell.swift; sourceTree = "<group>"; };
		DA0000000000000000000114 /* MedicationListCell.swift */ = {isa = PBXFileReference; lastKnownFileType = sourcecode.swift; path = MedicationListCell.swift; sourceTree = "<group>"; };
		DA0000000000000000000115 /* Main.storyboard */ = {isa = PBXFileReference; lastKnownFileType = file.storyboard; path = Main.storyboard; sourceTree = "<group>"; };
		DA0000000000000000000116 /* LaunchScreen.storyboard */ = {isa = PBXFileReference; lastKnownFileType = file.storyboard; path = LaunchScreen.storyboard; sourceTree = "<group>"; };
		DA0000000000000000000117 /* Info.plist */ = {isa = PBXFileReference; lastKnownFileType = text.plist.xml; path = Info.plist; sourceTree = "<group>"; };
		DA0000000000000000000118 /* Assets.xcassets */ = {isa = PBXFileReference; lastKnownFileType = folder.assetcatalog; path = Assets.xcassets; sourceTree = "<group>"; };
		DA0000000000000000000119 /* PhotosUI.framework */ = {isa = PBXFileReference; lastKnownFileType = wrapper.framework; name = PhotosUI.framework; path = System/Library/Frameworks/PhotosUI.framework; sourceTree = SDKROOT; };
/* End PBXFileReference section */

/* Begin PBXFrameworksBuildPhase section */
		DA0000000000000000000008 /* Frameworks */ = {
			isa = PBXFrameworksBuildPhase;
			buildActionMask = 2147483647;
			files = (
				DA0000000000000000000217 /* PhotosUI.framework in Frameworks */,
			);
			runOnlyForDeploymentPostprocessing = 0;
		};
/* End PBXFrameworksBuildPhase section */

/* Begin PBXGroup section */
		DA0000000000000000000020 /* Root */ = {
			isa = PBXGroup;
			children = (
				DA0000000000000000000002 /* DogMed */,
				DA0000000000000000000003 /* Products */,
				DA0000000000000000000004 /* Frameworks */,
			);
			sourceTree = "<group>";
		};
		DA0000000000000000000002 /* DogMed */ = {
			isa = PBXGroup;
			children = (
				DA0000000000000000000102 /* AppDelegate.swift */,
				DA0000000000000000000103 /* SceneDelegate.swift */,
				DA0000000000000000000030 /* Models */,
				DA0000000000000000000031 /* Managers */,
				DA0000000000000000000032 /* Utilities */,
				DA0000000000000000000033 /* ViewControllers */,
				DA0000000000000000000034 /* Cells */,
				DA0000000000000000000115 /* Main.storyboard */,
				DA0000000000000000000116 /* LaunchScreen.storyboard */,
				DA0000000000000000000117 /* Info.plist */,
				DA0000000000000000000118 /* Assets.xcassets */,
			);
			path = DogMed;
			sourceTree = "<group>";
		};
		DA0000000000000000000030 /* Models */ = {
			isa = PBXGroup;
			children = (
				DA0000000000000000000104 /* Dog.swift */,
				DA0000000000000000000105 /* Medication.swift */,
			);
			path = Models;
			sourceTree = "<group>";
		};
		DA0000000000000000000031 /* Managers */ = {
			isa = PBXGroup;
			children = (
				DA0000000000000000000106 /* AuthManager.swift */,
				DA0000000000000000000107 /* FirebaseManager.swift */,
				DA0000000000000000000108 /* ThemeManager.swift */,
			);
			path = Managers;
			sourceTree = "<group>";
		};
		DA0000000000000000000032 /* Utilities */ = {
			isa = PBXGroup;
			children = (
				DA0000000000000000000109 /* DateUtils.swift */,
				DA000000000000000000010A /* ImageUtils.swift */,
			);
			path = Utilities;
			sourceTree = "<group>";
		};
		DA0000000000000000000033 /* ViewControllers */ = {
			isa = PBXGroup;
			children = (
				DA000000000000000000010B /* TodayViewController.swift */,
				DA000000000000000000010C /* DogsListViewController.swift */,
				DA000000000000000000010D /* DogDetailViewController.swift */,
				DA000000000000000000010E /* AddEditDogViewController.swift */,
				DA000000000000000000010F /* MedicationDetailViewController.swift */,
				DA0000000000000000000110 /* AddEditMedicationViewController.swift */,
				DA0000000000000000000111 /* SettingsViewController.swift */,
			);
			path = ViewControllers;
			sourceTree = "<group>";
		};
		DA0000000000000000000034 /* Cells */ = {
			isa = PBXGroup;
			children = (
				DA0000000000000000000112 /* TodayMedicationCell.swift */,
				DA0000000000000000000113 /* DogListCell.swift */,
				DA0000000000000000000114 /* MedicationListCell.swift */,
			);
			path = Cells;
			sourceTree = "<group>";
		};
		DA0000000000000000000003 /* Products */ = {
			isa = PBXGroup;
			children = (
				DA0000000000000000000101 /* DogMed.app */,
			);
			name = Products;
			sourceTree = "<group>";
		};
		DA0000000000000000000004 /* Frameworks */ = {
			isa = PBXGroup;
			children = (
				DA0000000000000000000119 /* PhotosUI.framework */,
			);
			name = Frameworks;
			sourceTree = "<group>";
		};
/* End PBXGroup section */

/* Begin PBXNativeTarget section */
		DA0000000000000000000005 /* DogMed */ = {
			isa = PBXNativeTarget;
			buildConfigurationList = DA000000000000000000000C /* Build configuration list for PBXNativeTarget "DogMed" */;
			buildPhases = (
				DA0000000000000000000006 /* Sources */,
				DA0000000000000000000007 /* Resources */,
				DA0000000000000000000008 /* Frameworks */,
			);
			buildRules = (
			);
			dependencies = (
			);
			name = DogMed;
			productName = DogMed;
			productReference = DA0000000000000000000101 /* DogMed.app */;
			productType = "com.apple.product-type.application";
		};
/* End PBXNativeTarget section */

/* Begin PBXProject section */
		DA0000000000000000000001 /* Project object */ = {
			isa = PBXProject;
			attributes = {
				BuildIndependentTargetsInParallel = 1;
				LastSwiftUpdateCheck = 1500;
				LastUpgradeCheck = 1500;
				TargetAttributes = {
					DA0000000000000000000005 = {
						CreatedOnToolsVersion = 15.0;
					};
				};
			};
			buildConfigurationList = DA0000000000000000000009 /* Build configuration list for PBXProject "DogMed" */;
			compatibilityVersion = "Xcode 14.0";
			developmentRegion = en;
			hasScannedForEncodings = 0;
			knownRegions = (
				en,
				Base,
			);
			mainGroup = DA0000000000000000000020 /* Root */;
			productRefGroup = DA0000000000000000000003 /* Products */;
			projectDirPath = "";
			projectRoot = "";
			targets = (
				DA0000000000000000000005 /* DogMed */,
			);
		};
/* End PBXProject section */

/* Begin PBXResourcesBuildPhase section */
		DA0000000000000000000007 /* Resources */ = {
			isa = PBXResourcesBuildPhase;
			buildActionMask = 2147483647;
			files = (
				DA0000000000000000000214 /* Main.storyboard in Resources */,
				DA0000000000000000000215 /* LaunchScreen.storyboard in Resources */,
				DA0000000000000000000216 /* Assets.xcassets in Resources */,
			);
			runOnlyForDeploymentPostprocessing = 0;
		};
/* End PBXResourcesBuildPhase section */

/* Begin PBXSourcesBuildPhase section */
		DA0000000000000000000006 /* Sources */ = {
			isa = PBXSourcesBuildPhase;
			buildActionMask = 2147483647;
			files = (
				DA0000000000000000000201 /* AppDelegate.swift in Sources */,
				DA0000000000000000000202 /* SceneDelegate.swift in Sources */,
				DA0000000000000000000203 /* Dog.swift in Sources */,
				DA0000000000000000000204 /* Medication.swift in Sources */,
				DA0000000000000000000205 /* AuthManager.swift in Sources */,
				DA0000000000000000000206 /* FirebaseManager.swift in Sources */,
				DA0000000000000000000207 /* ThemeManager.swift in Sources */,
				DA0000000000000000000208 /* DateUtils.swift in Sources */,
				DA0000000000000000000209 /* ImageUtils.swift in Sources */,
				DA000000000000000000020A /* TodayViewController.swift in Sources */,
				DA000000000000000000020B /* DogsListViewController.swift in Sources */,
				DA000000000000000000020C /* DogDetailViewController.swift in Sources */,
				DA000000000000000000020D /* AddEditDogViewController.swift in Sources */,
				DA000000000000000000020E /* MedicationDetailViewController.swift in Sources */,
				DA000000000000000000020F /* AddEditMedicationViewController.swift in Sources */,
				DA0000000000000000000210 /* SettingsViewController.swift in Sources */,
				DA0000000000000000000211 /* TodayMedicationCell.swift in Sources */,
				DA0000000000000000000212 /* DogListCell.swift in Sources */,
				DA0000000000000000000213 /* MedicationListCell.swift in Sources */,
			);
			runOnlyForDeploymentPostprocessing = 0;
		};
/* End PBXSourcesBuildPhase section */

/* Begin XCBuildConfiguration section */
		DA000000000000000000000A /* Debug */ = {
			isa = XCBuildConfiguration;
			buildSettings = {
				ALWAYS_SEARCH_USER_PATHS = NO;
				ASSETCATALOG_COMPILER_GENERATE_SWIFT_ASSET_SYMBOL_EXTENSIONS = YES;
				CLANG_ANALYZER_NONNULL = YES;
				CLANG_ANALYZER_NUMBER_OBJECT_CONVERSION = YES_AGGRESSIVE;
				CLANG_CXX_LANGUAGE_STANDARD = "gnu++20";
				CLANG_ENABLE_MODULES = YES;
				CLANG_ENABLE_OBJC_ARC = YES;
				CLANG_ENABLE_OBJC_WEAK = YES;
				CLANG_WARN_BLOCK_CAPTURE_AUTORELEASING = YES;
				CLANG_WARN_BOOL_CONVERSION = YES;
				CLANG_WARN_COMMA = YES;
				CLANG_WARN_CONSTANT_CONVERSION = YES;
				CLANG_WARN_DEPRECATED_OBJC_IMPLEMENTATIONS = YES;
				CLANG_WARN_DIRECT_OBJC_ISA_USAGE = YES_ERROR;
				CLANG_WARN_DOCUMENTATION_COMMENTS = YES;
				CLANG_WARN_EMPTY_BODY = YES;
				CLANG_WARN_ENUM_CONVERSION = YES;
				CLANG_WARN_INFINITE_RECURSION = YES;
				CLANG_WARN_INT_CONVERSION = YES;
				CLANG_WARN_NON_LITERAL_NULL_CONVERSION = YES;
				CLANG_WARN_OBJC_IMPLICIT_RETAIN_CYCLE = YES;
				CLANG_WARN_OBJC_LITERAL_CONVERSION = YES;
				CLANG_WARN_OBJC_ROOT_CLASS = YES_ERROR;
				CLANG_WARN_QUOTED_INCLUDE_IN_FRAMEWORK_HEADER = YES;
				CLANG_WARN_RANGE_LOOP_ANALYSIS = YES;
				CLANG_WARN_STRICT_PROTOTYPES = YES;
				CLANG_WARN_SUSPICIOUS_MOVE = YES;
				CLANG_WARN_UNGUARDED_AVAILABILITY = YES_AGGRESSIVE;
				CLANG_WARN_UNREACHABLE_CODE = YES;
				CLANG_WARN__DUPLICATE_METHOD_MATCH = YES;
				COPY_PHASE_STRIP = NO;
				DEBUG_INFORMATION_FORMAT = dwarf;
				ENABLE_STRICT_OBJC_MSGSEND = YES;
				ENABLE_TESTABILITY = YES;
				ENABLE_USER_SCRIPT_SANDBOXING = YES;
				GCC_C_LANGUAGE_STANDARD = gnu17;
				GCC_DYNAMIC_NO_PIC = NO;
				GCC_NO_COMMON_BLOCKS = YES;
				GCC_OPTIMIZATION_LEVEL = 0;
				GCC_PREPROCESSOR_DEFINITIONS = (
					"DEBUG=1",
					"$(inherited)",
				);
				GCC_WARN_64_TO_32_BIT_CONVERSION = YES;
				GCC_WARN_ABOUT_RETURN_TYPE = YES_ERROR;
				GCC_WARN_UNDECLARED_SELECTOR = YES;
				GCC_WARN_UNINITIALIZED_AUTOS = YES_AGGRESSIVE;
				GCC_WARN_UNUSED_FUNCTION = YES;
				GCC_WARN_UNUSED_VARIABLE = YES;
				IPHONEOS_DEPLOYMENT_TARGET = 16.0;
				MTL_ENABLE_DEBUG_INFO = INCLUDE_SOURCE;
				MTL_FAST_MATH = YES;
				ONLY_ACTIVE_ARCH = YES;
				SDKROOT = iphoneos;
				SWIFT_ACTIVE_COMPILATION_CONDITIONS = DEBUG;
				SWIFT_OPTIMIZATION_LEVEL = "-Onone";
			};
			name = Debug;
		};
		DA000000000000000000000B /* Release */ = {
			isa = XCBuildConfiguration;
			buildSettings = {
				ALWAYS_SEARCH_USER_PATHS = NO;
				ASSETCATALOG_COMPILER_GENERATE_SWIFT_ASSET_SYMBOL_EXTENSIONS = YES;
				CLANG_ANALYZER_NONNULL = YES;
				CLANG_ANALYZER_NUMBER_OBJECT_CONVERSION = YES_AGGRESSIVE;
				CLANG_CXX_LANGUAGE_STANDARD = "gnu++20";
				CLANG_ENABLE_MODULES = YES;
				CLANG_ENABLE_OBJC_ARC = YES;
				CLANG_ENABLE_OBJC_WEAK = YES;
				CLANG_WARN_BLOCK_CAPTURE_AUTORELEASING = YES;
				CLANG_WARN_BOOL_CONVERSION = YES;
				CLANG_WARN_COMMA = YES;
				CLANG_WARN_CONSTANT_CONVERSION = YES;
				CLANG_WARN_DEPRECATED_OBJC_IMPLEMENTATIONS = YES;
				CLANG_WARN_DIRECT_OBJC_ISA_USAGE = YES_ERROR;
				CLANG_WARN_DOCUMENTATION_COMMENTS = YES;
				CLANG_WARN_EMPTY_BODY = YES;
				CLANG_WARN_ENUM_CONVERSION = YES;
				CLANG_WARN_INFINITE_RECURSION = YES;
				CLANG_WARN_INT_CONVERSION = YES;
				CLANG_WARN_NON_LITERAL_NULL_CONVERSION = YES;
				CLANG_WARN_OBJC_IMPLICIT_RETAIN_CYCLE = YES;
				CLANG_WARN_OBJC_LITERAL_CONVERSION = YES;
				CLANG_WARN_OBJC_ROOT_CLASS = YES_ERROR;
				CLANG_WARN_QUOTED_INCLUDE_IN_FRAMEWORK_HEADER = YES;
				CLANG_WARN_RANGE_LOOP_ANALYSIS = YES;
				CLANG_WARN_STRICT_PROTOTYPES = YES;
				CLANG_WARN_SUSPICIOUS_MOVE = YES;
				CLANG_WARN_UNGUARDED_AVAILABILITY = YES_AGGRESSIVE;
				CLANG_WARN_UNREACHABLE_CODE = YES;
				CLANG_WARN__DUPLICATE_METHOD_MATCH = YES;
				COPY_PHASE_STRIP = NO;
				DEBUG_INFORMATION_FORMAT = "dwarf-with-dsym";
				ENABLE_NS_ASSERTIONS = NO;
				ENABLE_STRICT_OBJC_MSGSEND = YES;
				ENABLE_USER_SCRIPT_SANDBOXING = YES;
				GCC_C_LANGUAGE_STANDARD = gnu17;
				GCC_NO_COMMON_BLOCKS = YES;
				GCC_WARN_64_TO_32_BIT_CONVERSION = YES;
				GCC_WARN_ABOUT_RETURN_TYPE = YES_ERROR;
				GCC_WARN_UNDECLARED_SELECTOR = YES;
				GCC_WARN_UNINITIALIZED_AUTOS = YES_AGGRESSIVE;
				GCC_WARN_UNUSED_FUNCTION = YES;
				GCC_WARN_UNUSED_VARIABLE = YES;
				IPHONEOS_DEPLOYMENT_TARGET = 16.0;
				MTL_FAST_MATH = YES;
				SDKROOT = iphoneos;
				SWIFT_COMPILATION_MODE = wholemodule;
				VALIDATE_PRODUCT = YES;
			};
			name = Release;
		};
		DA000000000000000000000D /* Debug */ = {
			isa = XCBuildConfiguration;
			buildSettings = {
				ASSETCATALOG_COMPILER_APPICON_NAME = AppIcon;
				ASSETCATALOG_COMPILER_GLOBAL_ACCENT_COLOR_NAME = AccentColor;
				CODE_SIGN_STYLE = Automatic;
				CURRENT_PROJECT_VERSION = 1;
				GENERATE_INFOPLIST_FILE = NO;
				INFOPLIST_FILE = "DogMed/Info.plist";
				IPHONEOS_DEPLOYMENT_TARGET = 16.0;
				LD_RUNPATH_SEARCH_PATHS = (
					"$(inherited)",
					"@executable_path/Frameworks",
				);
				MARKETING_VERSION = 1.0;
				PRODUCT_BUNDLE_IDENTIFIER = "com.nirdor16.dogmed";
				PRODUCT_NAME = "$(TARGET_NAME)";
				SUPPORTS_MAC_DESIGNED_FOR_IPHONE_IPAD = YES;
				SWIFT_EMIT_LOC_STRINGS = YES;
				SWIFT_VERSION = 5.0;
				TARGETED_DEVICE_FAMILY = 1;
			};
			name = Debug;
		};
		DA000000000000000000000E /* Release */ = {
			isa = XCBuildConfiguration;
			buildSettings = {
				ASSETCATALOG_COMPILER_APPICON_NAME = AppIcon;
				ASSETCATALOG_COMPILER_GLOBAL_ACCENT_COLOR_NAME = AccentColor;
				CODE_SIGN_STYLE = Automatic;
				CURRENT_PROJECT_VERSION = 1;
				GENERATE_INFOPLIST_FILE = NO;
				INFOPLIST_FILE = "DogMed/Info.plist";
				IPHONEOS_DEPLOYMENT_TARGET = 16.0;
				LD_RUNPATH_SEARCH_PATHS = (
					"$(inherited)",
					"@executable_path/Frameworks",
				);
				MARKETING_VERSION = 1.0;
				PRODUCT_BUNDLE_IDENTIFIER = "com.nirdor16.dogmed";
				PRODUCT_NAME = "$(TARGET_NAME)";
				SUPPORTS_MAC_DESIGNED_FOR_IPHONE_IPAD = YES;
				SWIFT_EMIT_LOC_STRINGS = YES;
				SWIFT_VERSION = 5.0;
				TARGETED_DEVICE_FAMILY = 1;
			};
			name = Release;
		};
/* End XCBuildConfiguration section */

/* Begin XCConfigurationList section */
		DA0000000000000000000009 /* Build configuration list for PBXProject "DogMed" */ = {
			isa = XCConfigurationList;
			buildConfigurations = (
				DA000000000000000000000A /* Debug */,
				DA000000000000000000000B /* Release */,
			);
			defaultConfigurationIsVisible = 0;
			defaultConfigurationName = Release;
		};
		DA000000000000000000000C /* Build configuration list for PBXNativeTarget "DogMed" */ = {
			isa = XCConfigurationList;
			buildConfigurations = (
				DA000000000000000000000D /* Debug */,
				DA000000000000000000000E /* Release */,
			);
			defaultConfigurationIsVisible = 0;
			defaultConfigurationName = Release;
		};
/* End XCConfigurationList section */

	};
	rootObject = DA0000000000000000000001 /* Project object */;
}
